golang.org/x/mod v0.20.0 h1:utOm6MM3R3dnawAiJgn0y+xvuYRsm1RKM/4giyfDgV0=
golang.org/x/mod v0.20.0/go.mod h1:hTbmBsO62+eylJbnUtE2MGJUyE7QWk4xUqPFrRgJ+7c=
golang.org/x/sys v0.23.0 h1:YfKFowiIMvtgl1UERQoTPPToxltDeZfbj4H7dVUCwmM=
golang.org/x/sys v0.23.0/go.mod h1:/VUhepiaJMQUp4+oa/7Zr1D23ma6VTLIYjOOTFZPUcA=
golang.org/x/telemetry v0.0.0-20240807181058-38c23d25f755 h1:Gv9T6gPIHuUCC/THKUdLbAj1GeBKx7auk9c9w/5CHPk=
golang.org/x/telemetry v0.0.0-20240807181058-38c23d25f755/go.mod h1:m7R/r+o5h7UvF2JD9n2iLSGY4v8v+zNSyTJ6xynLrqs=
