hash: 4ef3cb052b348685a1df2e1a829bd5ec83610a3212b79e06020ea88b733b4930
updated: 2017-11-22T17:51:56.165166769Z
imports:
- name: github.com/docker/distribution
  version: 7484e51bf6af0d3b1a849644cdaced3cfcf13617
  subpackages:
  - digestset
  - manifest
  - manifest/schema1
  - manifest/schema2
  - reference
- name: github.com/docker/docker
  version: f5ec1e2936dcbe7b5001c2b817188b095c700c27
  subpackages:
  - api/types
  - api/types/blkiodev
  - api/types/container
  - api/types/events
  - api/types/filters
  - api/types/mount
  - api/types/network
  - api/types/reference
  - api/types/registry
  - api/types/strslice
  - api/types/swarm
  - api/types/time
  - api/types/versions
  - api/types/volume
  - client
  - pkg/tlsconfig
- name: github.com/docker/go-connections
  version: 4ccf312bf1d35e5dbda654e57a9be4c3f3cd0366
  subpackages:
  - nat
  - sockets
  - tlsconfig
- name: github.com/docker/go-units
  version: 0dadbb0345b35ec7ef35e228dabb8de89a65bf52
- name: github.com/docker/libtrust
  version: aabc10ec26b754e797f9028f4589c5b7bd90dc20
- name: github.com/gogo/protobuf
  version: b79ae77db468f92c7ef48e12c9c5d70e6a20c3b8
  subpackages:
  - proto
  - protoc-gen-gogo/descriptor
- name: github.com/golang/protobuf
  version: 130e6b02ab059e7b717a096f397c5b60111cae74
  subpackages:
  - jsonpb
  - proto
  - protoc-gen-go/descriptor
  - ptypes
  - ptypes/any
  - ptypes/duration
  - ptypes/empty
  - ptypes/struct
  - ptypes/timestamp
- name: github.com/grpc-ecosystem/go-grpc-middleware
  version: 6d3547c644afb325c16df96e3c7177ea6e2fdebd
  subpackages:
  - recovery
  - tags
- name: github.com/grpc-ecosystem/grpc-gateway
  version: c323909dd41de182a54b4d1610f26034da5e097e
  subpackages:
  - runtime
  - runtime/internal
  - utilities
- name: github.com/heroku/docker-registry-client
  version: fd2fe803496897db70c236ee244f41487ea92ec2
  subpackages:
  - registry
- name: github.com/Microsoft/go-winio
  version: 78439966b38d69bf38227fbf57ac8a6fee70f69a
- name: github.com/mwitkow/go-proto-validators
  version: a55ca57f374a8846924b030f534d8b8211508cf0
- name: github.com/opencontainers/go-digest
  version: 279bed98673dd5bef374d3b6e4b09e2af76183bf
- name: github.com/opencontainers/runc
  version: b2567b37d7b75eb4cf325b77297b140ea686ce8f
  subpackages:
  - libcontainer/user
- name: github.com/pkg/errors
  version: f15c970de5b76fac0b59abb32d62c17cc7bed265
- name: github.com/satori/go.uuid
  version: 5bf94b69c6b68ee1b541973bb8e1144db23a194b
- name: github.com/Sirupsen/logrus
  version: f006c2ac4710855cf0f916dd6b77acf6b048dc6e
  repo: https://github.com/sirupsen/logrus.git
  vcs: git
- name: github.com/sirupsen/logrus
  version: 3ec0642a7fb6488f65b06f9040adc67e3990296a
- name: golang.org/x/crypto
  version: c10c31b5e94b6f7a0283272dc2bb27163dcea24b
  subpackages:
  - ssh/terminal
- name: golang.org/x/net
  version: a337091b0525af65de94df2eb7e98bd9962dcbe2
  subpackages:
  - context
  - context/ctxhttp
  - http2
  - http2/hpack
  - idna
  - internal/timeseries
  - lex/httplex
  - proto
  - protoc-gen-gogo/descriptor
  - proxy
  - trace
- name: golang.org/x/sys
  version: 8dbc5d05d6edcc104950cc299a1ce6641235bc86
  subpackages:
  - unix
  - windows
- name: golang.org/x/text
  version: b19bf474d317b857955b12035d2c5acb57ce8b01
  subpackages:
  - secure/bidirule
  - transform
  - unicode/bidi
  - unicode/norm
- name: google.golang.org/genproto
  version: f676e0f3ac6395ff1a529ae59a6670878a8371a6
  subpackages:
  - googleapis/api/annotations
  - googleapis/rpc/status
- name: google.golang.org/grpc
  version: 5ffe3083946d5603a0578721101dc8165b1d5b5f
  subpackages:
  - balancer
  - codes
  - connectivity
  - credentials
  - grpclb/grpc_lb_v1/messages
  - grpclog
  - internal
  - keepalive
  - metadata
  - naming
  - peer
  - resolver
  - stats
  - status
  - tap
  - transport
testImports:
- name: github.com/davecgh/go-spew
  version: 6d212800a42e8ab5c146b8ace3490ee17e5225f9
  subpackages:
  - spew
- name: github.com/pmezard/go-difflib
  version: d8ed2627bdf02c080bf22230dbb337003b7aba2d
  subpackages:
  - difflib
- name: github.com/stretchr/testify
  version: 69483b4bd14f5845b5a1e55bca19e954e827f1d0
  subpackages:
  - assert
  - require
