hash: 15516a0ade308760afe0901801e5ed69618ce54b8e35f0baa3bab8007b5c8624
updated: 2017-11-28T22:30:22.710373176Z
imports:
- name: github.com/Azure/go-ansiterm
  version: d6e3b3328b783f23731bc4d058875b0371ff8109
  subpackages:
  - winterm
- name: github.com/boltdb/bolt
  version: 2f1ce7a837dcb8da3ec595b1dac9d0632f0f99e8
- name: github.com/docker/distribution
  version: 48294d928ced5dd9b378f7fd7c6f5da3ff3f2c89
  subpackages:
  - context
  - digest
  - manifest
  - manifest/schema1
  - manifest/schema2
  - reference
  - registry/api/errcode
  - registry/api/v2
  - registry/client
  - registry/client/auth
  - registry/client/auth/challenge
  - registry/client/transport
  - registry/storage/cache
  - registry/storage/cache/memory
  - uuid
- name: github.com/docker/docker
  version: f5ec1e2936dcbe7b5001c2b817188b095c700c27
  subpackages:
  - api/types
  - api/types/blkiodev
  - api/types/container
  - api/types/events
  - api/types/filters
  - api/types/mount
  - api/types/network
  - api/types/reference
  - api/types/registry
  - api/types/strslice
  - api/types/swarm
  - api/types/time
  - api/types/versions
  - api/types/volume
  - client
  - image
  - image/v1
  - layer
  - opts
  - pkg/archive
  - pkg/fileutils
  - pkg/httputils
  - pkg/idtools
  - pkg/ioutils
  - pkg/jsonlog
  - pkg/jsonmessage
  - pkg/longpath
  - pkg/plugingetter
  - pkg/plugins
  - pkg/plugins/transport
  - pkg/pools
  - pkg/promise
  - pkg/random
  - pkg/stringid
  - pkg/system
  - pkg/tarsum
  - pkg/term
  - pkg/term/windows
  - pkg/tlsconfig
  - reference
  - registry
- name: github.com/docker/go-connections
  version: 4ccf312bf1d35e5dbda654e57a9be4c3f3cd0366
  subpackages:
  - nat
  - sockets
  - tlsconfig
- name: github.com/docker/go-units
  version: 0dadbb0345b35ec7ef35e228dabb8de89a65bf52
- name: github.com/docker/libtrust
  version: aabc10ec26b754e797f9028f4589c5b7bd90dc20
- name: github.com/gogo/protobuf
  version: b79ae77db468f92c7ef48e12c9c5d70e6a20c3b8
  subpackages:
  - proto
  - protoc-gen-gogo/descriptor
- name: github.com/golang/protobuf
  version: 130e6b02ab059e7b717a096f397c5b60111cae74
  subpackages:
  - jsonpb
  - proto
  - protoc-gen-go/descriptor
  - ptypes
  - ptypes/any
  - ptypes/duration
  - ptypes/empty
  - ptypes/struct
  - ptypes/timestamp
- name: github.com/gorilla/context
  version: 08b5f424b9271eedf6f9f0ce86cb9396ed337a42
- name: github.com/gorilla/mux
  version: 0a192a193177452756c362c20087ddafcf6829c4
- name: github.com/grpc-ecosystem/go-grpc-middleware
  version: 6d3547c644afb325c16df96e3c7177ea6e2fdebd
  subpackages:
  - recovery
  - tags
- name: github.com/grpc-ecosystem/grpc-gateway
  version: c323909dd41de182a54b4d1610f26034da5e097e
  subpackages:
  - runtime
  - runtime/internal
  - utilities
- name: github.com/heroku/docker-registry-client
  version: fd2fe803496897db70c236ee244f41487ea92ec2
  subpackages:
  - registry
- name: github.com/Microsoft/go-winio
  version: 78439966b38d69bf38227fbf57ac8a6fee70f69a
- name: github.com/mwitkow/go-proto-validators
  version: a55ca57f374a8846924b030f534d8b8211508cf0
- name: github.com/opencontainers/go-digest
  version: 279bed98673dd5bef374d3b6e4b09e2af76183bf
- name: github.com/opencontainers/runc
  version: b2567b37d7b75eb4cf325b77297b140ea686ce8f
  subpackages:
  - libcontainer/system
  - libcontainer/user
- name: github.com/pkg/errors
  version: f15c970de5b76fac0b59abb32d62c17cc7bed265
- name: github.com/satori/go.uuid
  version: 5bf94b69c6b68ee1b541973bb8e1144db23a194b
- name: github.com/Sirupsen/logrus
  version: f006c2ac4710855cf0f916dd6b77acf6b048dc6e
  repo: https://github.com/sirupsen/logrus.git
  vcs: git
- name: github.com/spf13/pflag
  version: 9ff6c6923cfffbcd502984b8e0c80539a94968b7
- name: github.com/vbatts/tar-split
  version: 38ec4ddb06dedbea0a895c4848b248eb38af221b
  subpackages:
  - archive/tar
  - tar/asm
  - tar/storage
- name: golang.org/x/crypto
  version: c10c31b5e94b6f7a0283272dc2bb27163dcea24b
  subpackages:
  - bcrypt
  - blowfish
  - ocsp
  - ssh/terminal
- name: golang.org/x/net
  version: a337091b0525af65de94df2eb7e98bd9962dcbe2
  subpackages:
  - context
  - context/ctxhttp
  - http2
  - http2/hpack
  - idna
  - internal/timeseries
  - lex/httplex
  - proxy
  - trace
- name: golang.org/x/sys
  version: 8dbc5d05d6edcc104950cc299a1ce6641235bc86
  subpackages:
  - unix
  - windows
- name: golang.org/x/text
  version: b19bf474d317b857955b12035d2c5acb57ce8b01
  subpackages:
  - secure/bidirule
  - transform
  - unicode/bidi
  - unicode/norm
- name: google.golang.org/genproto
  version: f676e0f3ac6395ff1a529ae59a6670878a8371a6
  subpackages:
  - googleapis/api/annotations
  - googleapis/rpc/status
- name: google.golang.org/grpc
  version: 5ffe3083946d5603a0578721101dc8165b1d5b5f
  subpackages:
  - balancer
  - codes
  - connectivity
  - credentials
  - grpclb/grpc_lb_v1/messages
  - grpclog
  - internal
  - keepalive
  - metadata
  - naming
  - peer
  - resolver
  - stats
  - status
  - tap
  - transport
testImports:
- name: github.com/davecgh/go-spew
  version: 6d212800a42e8ab5c146b8ace3490ee17e5225f9
  subpackages:
  - spew
- name: github.com/pmezard/go-difflib
  version: d8ed2627bdf02c080bf22230dbb337003b7aba2d
  subpackages:
  - difflib
- name: github.com/stretchr/testify
  version: 69483b4bd14f5845b5a1e55bca19e954e827f1d0
  subpackages:
  - assert
  - require
  - suite
