{
    "name": "@stackrox/ui",
    "version": "0.0.0",
    "lockfileVersion": 3,
    "requires": true,
    "packages": {
        "": {
            "name": "@stackrox/ui",
            "version": "0.0.0",
            "license": "UNLICENSED",
            "devDependencies": {
                "oxlint": "^1.9.0"
            },
            "engines": {
                "node": ">=20.0.0"
            }
        },
        "node_modules/@oxlint/darwin-arm64": {
            "version": "1.9.0",
            "resolved": "https://registry.npmjs.org/@oxlint/darwin-arm64/-/darwin-arm64-1.9.0.tgz",
            "integrity": "sha512-VRxI/T0I4bq+xoaI0qNFeGPxOOganHlfLmx8JbFFZswoxMkm5lIvVYScDKLrsbbPSe4bcZ5v1DmX5sNGQ619Uw==",
            "cpu": [
                "arm64"
            ],
            "dev": true,
            "optional": true,
            "os": [
                "darwin"
            ]
        },
        "node_modules/@oxlint/darwin-x64": {
            "version": "1.9.0",
            "resolved": "https://registry.npmjs.org/@oxlint/darwin-x64/-/darwin-x64-1.9.0.tgz",
            "integrity": "sha512-vMBa3eNrJMSBApXvsx6FgMuWCnNE+ETJJieLPhemZKctMNWOJQX+2i09CG2kb1IkmxagLapH7dZ4i0+Lf13mqg==",
            "cpu": [
                "x64"
            ],
            "dev": true,
            "optional": true,
            "os": [
                "darwin"
            ]
        },
        "node_modules/@oxlint/linux-arm64-gnu": {
            "version": "1.9.0",
            "resolved": "https://registry.npmjs.org/@oxlint/linux-arm64-gnu/-/linux-arm64-gnu-1.9.0.tgz",
            "integrity": "sha512-8wnMjloRbz7hPKvcgqd8HKNgkEgFJZvp9Los2pdE1CKh33msIxIXPGT3KKhYzyrtBaRaG2LJHshUPub02Q+x9A==",
            "cpu": [
                "arm64"
            ],
            "dev": true,
            "optional": true,
            "os": [
                "linux"
            ]
        },
        "node_modules/@oxlint/linux-arm64-musl": {
            "version": "1.9.0",
            "resolved": "https://registry.npmjs.org/@oxlint/linux-arm64-musl/-/linux-arm64-musl-1.9.0.tgz",
            "integrity": "sha512-elj9FTNXvq9oP8UedeHHq2R8lCtTmBGvUO/xLez734zVx3tvBl3avmuEfPBqR4wlUKDANExDh3Rg0pssflhw9w==",
            "cpu": [
                "arm64"
            ],
            "dev": true,
            "optional": true,
            "os": [
                "linux"
            ]
        },
        "node_modules/@oxlint/linux-x64-gnu": {
            "version": "1.9.0",
            "resolved": "https://registry.npmjs.org/@oxlint/linux-x64-gnu/-/linux-x64-gnu-1.9.0.tgz",
            "integrity": "sha512-d7VjQttKDgXKIYY3tm2GXTD83dyI+D8POGdPRT8GjhitHKasHQWFMBDG5iLp60FNc5Ky1cIe/2nwKW9ReQvhKw==",
            "cpu": [
                "x64"
            ],
            "dev": true,
            "optional": true,
            "os": [
                "linux"
            ]
        },
        "node_modules/@oxlint/linux-x64-musl": {
            "version": "1.9.0",
            "resolved": "https://registry.npmjs.org/@oxlint/linux-x64-musl/-/linux-x64-musl-1.9.0.tgz",
            "integrity": "sha512-R9vi5LGxNNi3pisp4dG7Ez00mAvCeki8VI5DUg6W1MR0GTnaejlVtMflziA2jqpdTGOK4bjLDsHKIadGC1SMVg==",
            "cpu": [
                "x64"
            ],
            "dev": true,
            "optional": true,
            "os": [
                "linux"
            ]
        },
        "node_modules/@oxlint/win32-arm64": {
            "version": "1.9.0",
            "resolved": "https://registry.npmjs.org/@oxlint/win32-arm64/-/win32-arm64-1.9.0.tgz",
            "integrity": "sha512-TiV7xYBMhkc/r0X+c9cMwGKUWYJRlWnI61m8powqer6lMJ8VfDe1RkRF4ttO5wlPGkiBwBa3vYWAgxaXc9JAMQ==",
            "cpu": [
                "arm64"
            ],
            "dev": true,
            "optional": true,
            "os": [
                "win32"
            ]
        },
        "node_modules/@oxlint/win32-x64": {
            "version": "1.9.0",
            "resolved": "https://registry.npmjs.org/@oxlint/win32-x64/-/win32-x64-1.9.0.tgz",
            "integrity": "sha512-OWqqkXsLrpS1uQsxjNqiOkC9a/CszMLa3VwlRcpm/z3iPxEL/qEVjGfjZX6XZw8Q6YukFB77rgYqzotvtCvI1A==",
            "cpu": [
                "x64"
            ],
            "dev": true,
            "optional": true,
            "os": [
                "win32"
            ]
        },
        "node_modules/oxlint": {
            "version": "1.9.0",
            "resolved": "https://registry.npmjs.org/oxlint/-/oxlint-1.9.0.tgz",
            "integrity": "sha512-vvqpkRt7UA1F1DoOJGYO2+T52L6jV4RxS+9hFVCPQ0X+hcNVtbl/TxQuwjobBw8Yw2U8Rb9d8VLJxa8eRSqpQQ==",
            "dev": true,
            "bin": {
                "oxc_language_server": "bin/oxc_language_server",
                "oxlint": "bin/oxlint"
            },
            "engines": {
                "node": ">=8.*"
            },
            "funding": {
                "url": "https://github.com/sponsors/Boshen"
            },
            "optionalDependencies": {
                "@oxlint/darwin-arm64": "1.9.0",
                "@oxlint/darwin-x64": "1.9.0",
                "@oxlint/linux-arm64-gnu": "1.9.0",
                "@oxlint/linux-arm64-musl": "1.9.0",
                "@oxlint/linux-x64-gnu": "1.9.0",
                "@oxlint/linux-x64-musl": "1.9.0",
                "@oxlint/win32-arm64": "1.9.0",
                "@oxlint/win32-x64": "1.9.0"
            }
        }
    }
}
